// !$*UTF8*$!
{
	archiveVersion = 1;
	classes = {
	};
	objectVersion = 56;
	objects = {

/* Begin PBXBuildFile section */
		F0F84C7D2CB090D100E82C66 /* Way_Airlines_appApp.swift in Sources */ = {isa = PBXBuildFile; fileRef = F0F84C7C2CB090D100E82C66 /* Way_Airlines_appApp.swift */; };
		F0F84C7F2CB090D100E82C66 /* ContentView.swift in Sources */ = {isa = PBXBuildFile; fileRef = F0F84C7E2CB090D100E82C66 /* ContentView.swift */; };
		F0F84C812CB090D300E82C66 /* Assets.xcassets in Resources */ = {isa = PBXBuildFile; fileRef = F0F84C802CB090D300E82C66 /* Assets.xcassets */; };
		F0F84C842CB090D300E82C66 /* Preview Assets.xcassets in Resources */ = {isa = PBXBuildFile; fileRef = F0F84C832CB090D300E82C66 /* Preview Assets.xcassets */; };
		F0F84C8E2CB0927600E82C66 /* Flight.swift in Sources */ = {isa = PBXBuildFile; fileRef = F0F84C8D2CB0927600E82C66 /* Flight.swift */; };
		F0F84C902CB093CD00E82C66 /* JsonData.swift in Sources */ = {isa = PBXBuildFile; fileRef = F0F84C8F2CB093CD00E82C66 /* JsonData.swift */; };
		F0F84C922CB0969000E82C66 /* HomeView.swift in Sources */ = {isa = PBXBuildFile; fileRef = F0F84C912CB0969000E82C66 /* HomeView.swift */; };
		F0F84C942CB098F900E82C66 /* FlightViewModel.swift in Sources */ = {isa = PBXBuildFile; fileRef = F0F84C932CB098F900E82C66 /* FlightViewModel.swift */; };
		F0F84C962CB09DDB00E82C66 /* MainTabView.swift in Sources */ = {isa = PBXBuildFile; fileRef = F0F84C952CB09DDB00E82C66 /* MainTabView.swift */; };
		F0F84C982CB09E9B00E82C66 /* AirplanesView.swift in Sources */ = {isa = PBXBuildFile; fileRef = F0F84C972CB09E9B00E82C66 /* AirplanesView.swift */; };
		F0F84C9A2CB0D34D00E82C66 /* SplashScreenView.swift in Sources */ = {isa = PBXBuildFile; fileRef = F0F84C992CB0D34D00E82C66 /* SplashScreenView.swift */; };
/* End PBXBuildFile section */

/* Begin PBXFileReference section */
		F0F84C792CB090D100E82C66 /* Way Airlines app.app */ = {isa = PBXFileReference; explicitFileType = wrapper.application; includeInIndex = 0; path = "Way Airlines app.app"; sourceTree = BUILT_PRODUCTS_DIR; };
		F0F84C7C2CB090D100E82C66 /* Way_Airlines_appApp.swift */ = {isa = PBXFileReference; lastKnownFileType = sourcecode.swift; path = Way_Airlines_appApp.swift; sourceTree = "<group>"; };
		F0F84C7E2CB090D100E82C66 /* ContentView.swift */ = {isa = PBXFileReference; lastKnownFileType = sourcecode.swift; path = ContentView.swift; sourceTree = "<group>"; };
		F0F84C802CB090D300E82C66 /* Assets.xcassets */ = {isa = PBXFileReference; lastKnownFileType = folder.assetcatalog; path = Assets.xcassets; sourceTree = "<group>"; };
		F0F84C832CB090D300E82C66 /* Preview Assets.xcassets */ = {isa = PBXFileReference; lastKnownFileType = folder.assetcatalog; path = "Preview Assets.xcassets"; sourceTree = "<group>"; };
		F0F84C8D2CB0927600E82C66 /* Flight.swift */ = {isa = PBXFileReference; lastKnownFileType = sourcecode.swift; path = Flight.swift; sourceTree = "<group>"; };
		F0F84C8F2CB093CD00E82C66 /* JsonData.swift */ = {isa = PBXFileReference; lastKnownFileType = sourcecode.swift; path = JsonData.swift; sourceTree = "<group>"; };
		F0F84C912CB0969000E82C66 /* HomeView.swift */ = {isa = PBXFileReference; lastKnownFileType = sourcecode.swift; path = HomeView.swift; sourceTree = "<group>"; };
		F0F84C932CB098F900E82C66 /* FlightViewModel.swift */ = {isa = PBXFileReference; lastKnownFileType = sourcecode.swift; path = FlightViewModel.swift; sourceTree = "<group>"; };
		F0F84C952CB09DDB00E82C66 /* MainTabView.swift */ = {isa = PBXFileReference; lastKnownFileType = sourcecode.swift; path = MainTabView.swift; sourceTree = "<group>"; };
		F0F84C972CB09E9B00E82C66 /* AirplanesView.swift */ = {isa = PBXFileReference; lastKnownFileType = sourcecode.swift; path = AirplanesView.swift; sourceTree = "<group>"; };
		F0F84C992CB0D34D00E82C66 /* SplashScreenView.swift */ = {isa = PBXFileReference; lastKnownFileType = sourcecode.swift; path = SplashScreenView.swift; sourceTree = "<group>"; };
/* End PBXFileReference section */

/* Begin PBXFrameworksBuildPhase section */
		F0F84C762CB090D100E82C66 /* Frameworks */ = {
			isa = PBXFrameworksBuildPhase;
			buildActionMask = 2147483647;
			files = (
			);
			runOnlyForDeploymentPostprocessing = 0;
		};
/* End PBXFrameworksBuildPhase section */

/* Begin PBXGroup section */
		F0F84C702CB090D100E82C66 = {
			isa = PBXGroup;
			children = (
				F0F84C7B2CB090D100E82C66 /* Way Airlines app */,
				F0F84C7A2CB090D100E82C66 /* Products */,
			);
			sourceTree = "<group>";
		};
		F0F84C7A2CB090D100E82C66 /* Products */ = {
			isa = PBXGroup;
			children = (
				F0F84C792CB090D100E82C66 /* Way Airlines app.app */,
			);
			name = Products;
			sourceTree = "<group>";
		};
		F0F84C7B2CB090D100E82C66 /* Way Airlines app */ = {
			isa = PBXGroup;
			children = (
				F0F84C8C2CB0923300E82C66 /* ViewModel */,
				F0F84C8B2CB0922A00E82C66 /* View */,
				F0F84C8A2CB0922300E82C66 /* Model */,
				F0F84C7C2CB090D100E82C66 /* Way_Airlines_appApp.swift */,
				F0F84C7E2CB090D100E82C66 /* ContentView.swift */,
				F0F84C802CB090D300E82C66 /* Assets.xcassets */,
				F0F84C822CB090D300E82C66 /* Preview Content */,
			);
			path = "Way Airlines app";
			sourceTree = "<group>";
		};
		F0F84C822CB090D300E82C66 /* Preview Content */ = {
			isa = PBXGroup;
			children = (
				F0F84C832CB090D300E82C66 /* Preview Assets.xcassets */,
			);
			path = "Preview Content";
			sourceTree = "<group>";
		};
		F0F84C8A2CB0922300E82C66 /* Model */ = {
			isa = PBXGroup;
			children = (
				F0F84C8D2CB0927600E82C66 /* Flight.swift */,
				F0F84C8F2CB093CD00E82C66 /* JsonData.swift */,
			);
			path = Model;
			sourceTree = "<group>";
		};
		F0F84C8B2CB0922A00E82C66 /* View */ = {
			isa = PBXGroup;
			children = (
				F0F84C912CB0969000E82C66 /* HomeView.swift */,
				F0F84C952CB09DDB00E82C66 /* MainTabView.swift */,
				F0F84C972CB09E9B00E82C66 /* AirplanesView.swift */,
				F0F84C992CB0D34D00E82C66 /* SplashScreenView.swift */,
			);
			path = View;
			sourceTree = "<group>";
		};
		F0F84C8C2CB0923300E82C66 /* ViewModel */ = {
			isa = PBXGroup;
			children = (
				F0F84C932CB098F900E82C66 /* FlightViewModel.swift */,
			);
			path = ViewModel;
			sourceTree = "<group>";
		};
/* End PBXGroup section */

/* Begin PBXNativeTarget section */
		F0F84C782CB090D100E82C66 /* Way Airlines app */ = {
			isa = PBXNativeTarget;
			buildConfigurationList = F0F84C872CB090D300E82C66 /* Build configuration list for PBXNativeTarget "Way Airlines app" */;
			buildPhases = (
				F0F84C752CB090D100E82C66 /* Sources */,
				F0F84C762CB090D100E82C66 /* Frameworks */,
				F0F84C772CB090D100E82C66 /* Resources */,
			);
			buildRules = (
			);
			dependencies = (
			);
			name = "Way Airlines app";
			productName = "Way Airlines app";
			productReference = F0F84C792CB090D100E82C66 /* Way Airlines app.app */;
			productType = "com.apple.product-type.application";
		};
/* End PBXNativeTarget section */

/* Begin PBXProject section */
		F0F84C712CB090D100E82C66 /* Project object */ = {
			isa = PBXProject;
			attributes = {
				BuildIndependentTargetsInParallel = 1;
				LastSwiftUpdateCheck = 1540;
				LastUpgradeCheck = 1540;
				TargetAttributes = {
					F0F84C782CB090D100E82C66 = {
						CreatedOnToolsVersion = 15.4;
					};
				};
			};
			buildConfigurationList = F0F84C742CB090D100E82C66 /* Build configuration list for PBXProject "Way Airlines app" */;
			compatibilityVersion = "Xcode 14.0";
			developmentRegion = en;
			hasScannedForEncodings = 0;
			knownRegions = (
				en,
				Base,
			);
			mainGroup = F0F84C702CB090D100E82C66;
			productRefGroup = F0F84C7A2CB090D100E82C66 /* Products */;
			projectDirPath = "";
			projectRoot = "";
			targets = (
				F0F84C782CB090D100E82C66 /* Way Airlines app */,
			);
		};
/* End PBXProject section */

/* Begin PBXResourcesBuildPhase section */
		F0F84C772CB090D100E82C66 /* Resources */ = {
			isa = PBXResourcesBuildPhase;
			buildActionMask = 2147483647;
			files = (
				F0F84C842CB090D300E82C66 /* Preview Assets.xcassets in Resources */,
				F0F84C812CB090D300E82C66 /* Assets.xcassets in Resources */,
			);
			runOnlyForDeploymentPostprocessing = 0;
		};
/* End PBXResourcesBuildPhase section */

/* Begin PBXSourcesBuildPhase section */
		F0F84C752CB090D100E82C66 /* Sources */ = {
			isa = PBXSourcesBuildPhase;
			buildActionMask = 2147483647;
			files = (
				F0F84C942CB098F900E82C66 /* FlightViewModel.swift in Sources */,
				F0F84C982CB09E9B00E82C66 /* AirplanesView.swift in Sources */,
				F0F84C9A2CB0D34D00E82C66 /* SplashScreenView.swift in Sources */,
				F0F84C8E2CB0927600E82C66 /* Flight.swift in Sources */,
				F0F84C902CB093CD00E82C66 /* JsonData.swift in Sources */,
				F0F84C922CB0969000E82C66 /* HomeView.swift in Sources */,
				F0F84C962CB09DDB00E82C66 /* MainTabView.swift in Sources */,
				F0F84C7F2CB090D100E82C66 /* ContentView.swift in Sources */,
				F0F84C7D2CB090D100E82C66 /* Way_Airlines_appApp.swift in Sources */,
			);
			runOnlyForDeploymentPostprocessing = 0;
		};
/* End PBXSourcesBuildPhase section */

/* Begin XCBuildConfiguration section */
		F0F84C852CB090D300E82C66 /* Debug */ = {
			isa = XCBuildConfiguration;
			buildSettings = {
				ALWAYS_SEARCH_USER_PATHS = NO;
				ASSETCATALOG_COMPILER_GENERATE_SWIFT_ASSET_SYMBOL_EXTENSIONS = YES;
				CLANG_ANALYZER_NONNULL = YES;
				CLANG_ANALYZER_NUMBER_OBJECT_CONVERSION = YES_AGGRESSIVE;
				CLANG_CXX_LANGUAGE_STANDARD = "gnu++20";
				CLANG_ENABLE_MODULES = YES;
				CLANG_ENABLE_OBJC_ARC = YES;
				CLANG_ENABLE_OBJC_WEAK = YES;
				CLANG_WARN_BLOCK_CAPTURE_AUTORELEASING = YES;
				CLANG_WARN_BOOL_CONVERSION = YES;
				CLANG_WARN_COMMA = YES;
				CLANG_WARN_CONSTANT_CONVERSION = YES;
				CLANG_WARN_DEPRECATED_OBJC_IMPLEMENTATIONS = YES;
				CLANG_WARN_DIRECT_OBJC_ISA_USAGE = YES_ERROR;
				CLANG_WARN_DOCUMENTATION_COMMENTS = YES;
				CLANG_WARN_EMPTY_BODY = YES;
				CLANG_WARN_ENUM_CONVERSION = YES;
				CLANG_WARN_INFINITE_RECURSION = YES;
				CLANG_WARN_INT_CONVERSION = YES;
				CLANG_WARN_NON_LITERAL_NULL_CONVERSION = YES;
				CLANG_WARN_OBJC_IMPLICIT_RETAIN_SELF = YES;
				CLANG_WARN_OBJC_LITERAL_CONVERSION = YES;
				CLANG_WARN_OBJC_ROOT_CLASS = YES_ERROR;
				CLANG_WARN_QUOTED_INCLUDE_IN_FRAMEWORK_HEADER = YES;
				CLANG_WARN_RANGE_LOOP_ANALYSIS = YES;
				CLANG_WARN_STRICT_PROTOTYPES = YES;
				CLANG_WARN_SUSPICIOUS_MOVE = YES;
				CLANG_WARN_UNGUARDED_AVAILABILITY = YES_AGGRESSIVE;
				CLANG_WARN_UNREACHABLE_CODE = YES;
				CLANG_WARN__DUPLICATE_METHOD_MATCH = YES;
				COPY_PHASE_STRIP = NO;
				DEBUG_INFORMATION_FORMAT = dwarf;
				ENABLE_STRICT_OBJC_MSGSEND = YES;
				ENABLE_TESTABILITY = YES;
				ENABLE_USER_SCRIPT_SANDBOXING = YES;
				GCC_C_LANGUAGE_STANDARD = gnu17;
				GCC_DYNAMIC_NO_PIC = NO;
				GCC_NO_COMMON_BLOCKS = YES;
				GCC_OPTIMIZATION_LEVEL = 0;
				GCC_PREPROCESSOR_DEFINITIONS = (
					"DEBUG=1",
					"$(inherited)",
				);
				GCC_WARN_64_TO_32_BIT_CONVERSION = YES;
				GCC_WARN_ABOUT_RETURN_TYPE = YES_ERROR;
				GCC_WARN_UNDECLARED_SELECTOR = YES;
				GCC_WARN_UNINITIALIZED_AUTOS = YES_AGGRESSIVE;
				GCC_WARN_UNUSED_FUNCTION = YES;
				GCC_WARN_UNUSED_VARIABLE = YES;
				IPHONEOS_DEPLOYMENT_TARGET = 17.5;
				LOCALIZATION_PREFERS_STRING_CATALOGS = YES;
				MTL_ENABLE_DEBUG_INFO = INCLUDE_SOURCE;
				MTL_FAST_MATH = YES;
				ONLY_ACTIVE_ARCH = YES;
				SDKROOT = iphoneos;
				SWIFT_ACTIVE_COMPILATION_CONDITIONS = "DEBUG $(inherited)";
				SWIFT_OPTIMIZATION_LEVEL = "-Onone";
			};
			name = Debug;
		};
		F0F84C862CB090D300E82C66 /* Release */ = {
			isa = XCBuildConfiguration;
			buildSettings = {
				ALWAYS_SEARCH_USER_PATHS = NO;
				ASSETCATALOG_COMPILER_GENERATE_SWIFT_ASSET_SYMBOL_EXTENSIONS = YES;
				CLANG_ANALYZER_NONNULL = YES;
				CLANG_ANALYZER_NUMBER_OBJECT_CONVERSION = YES_AGGRESSIVE;
				CLANG_CXX_LANGUAGE_STANDARD = "gnu++20";
				CLANG_ENABLE_MODULES = YES;
				CLANG_ENABLE_OBJC_ARC = YES;
				CLANG_ENABLE_OBJC_WEAK = YES;
				CLANG_WARN_BLOCK_CAPTURE_AUTORELEASING = YES;
				CLANG_WARN_BOOL_CONVERSION = YES;
				CLANG_WARN_COMMA = YES;
				CLANG_WARN_CONSTANT_CONVERSION = YES;
				CLANG_WARN_DEPRECATED_OBJC_IMPLEMENTATIONS = YES;
				CLANG_WARN_DIRECT_OBJC_ISA_USAGE = YES_ERROR;
				CLANG_WARN_DOCUMENTATION_COMMENTS = YES;
				CLANG_WARN_EMPTY_BODY = YES;
				CLANG_WARN_ENUM_CONVERSION = YES;
				CLANG_WARN_INFINITE_RECURSION = YES;
				CLANG_WARN_INT_CONVERSION = YES;
				CLANG_WARN_NON_LITERAL_NULL_CONVERSION = YES;
				CLANG_WARN_OBJC_IMPLICIT_RETAIN_SELF = YES;
				CLANG_WARN_OBJC_LITERAL_CONVERSION = YES;
				CLANG_WARN_OBJC_ROOT_CLASS = YES_ERROR;
				CLANG_WARN_QUOTED_INCLUDE_IN_FRAMEWORK_HEADER = YES;
				CLANG_WARN_RANGE_LOOP_ANALYSIS = YES;
				CLANG_WARN_STRICT_PROTOTYPES = YES;
				CLANG_WARN_SUSPICIOUS_MOVE = YES;
				CLANG_WARN_UNGUARDED_AVAILABILITY = YES_AGGRESSIVE;
				CLANG_WARN_UNREACHABLE_CODE = YES;
				CLANG_WARN__DUPLICATE_METHOD_MATCH = YES;
				COPY_PHASE_STRIP = NO;
				DEBUG_INFORMATION_FORMAT = "dwarf-with-dsym";
				ENABLE_NS_ASSERTIONS = NO;
				ENABLE_STRICT_OBJC_MSGSEND = YES;
				ENABLE_USER_SCRIPT_SANDBOXING = YES;
				GCC_C_LANGUAGE_STANDARD = gnu17;
				GCC_NO_COMMON_BLOCKS = YES;
				GCC_WARN_64_TO_32_BIT_CONVERSION = YES;
				GCC_WARN_ABOUT_RETURN_TYPE = YES_ERROR;
				GCC_WARN_UNDECLARED_SELECTOR = YES;
				GCC_WARN_UNINITIALIZED_AUTOS = YES_AGGRESSIVE;
				GCC_WARN_UNUSED_FUNCTION = YES;
				GCC_WARN_UNUSED_VARIABLE = YES;
				IPHONEOS_DEPLOYMENT_TARGET = 17.5;
				LOCALIZATION_PREFERS_STRING_CATALOGS = YES;
				MTL_ENABLE_DEBUG_INFO = NO;
				MTL_FAST_MATH = YES;
				SDKROOT = iphoneos;
				SWIFT_COMPILATION_MODE = wholemodule;
				VALIDATE_PRODUCT = YES;
			};
			name = Release;
		};
		F0F84C882CB090D300E82C66 /* Debug */ = {
			isa = XCBuildConfiguration;
			buildSettings = {
				ASSETCATALOG_COMPILER_APPICON_NAME = AppIcon;
				ASSETCATALOG_COMPILER_GLOBAL_ACCENT_COLOR_NAME = AccentColor;
				CODE_SIGN_STYLE = Automatic;
				CURRENT_PROJECT_VERSION = 1;
				DEVELOPMENT_ASSET_PATHS = "\"Way Airlines app/Preview Content\"";
				DEVELOPMENT_TEAM = AK3RV68WWW;
				ENABLE_PREVIEWS = YES;
				GENERATE_INFOPLIST_FILE = YES;
				INFOPLIST_KEY_UIApplicationSceneManifest_Generation = YES;
				INFOPLIST_KEY_UIApplicationSupportsIndirectInputEvents = YES;
				INFOPLIST_KEY_UILaunchScreen_Generation = YES;
				INFOPLIST_KEY_UISupportedInterfaceOrientations_iPad = "UIInterfaceOrientationPortrait UIInterfaceOrientationPortraitUpsideDown UIInterfaceOrientationLandscapeLeft UIInterfaceOrientationLandscapeRight";
				INFOPLIST_KEY_UISupportedInterfaceOrientations_iPhone = "UIInterfaceOrientationPortrait UIInterfaceOrientationLandscapeLeft UIInterfaceOrientationLandscapeRight";
				LD_RUNPATH_SEARCH_PATHS = (
					"$(inherited)",
					"@executable_path/Frameworks",
				);
				MARKETING_VERSION = 1.0;
				PRODUCT_BUNDLE_IDENTIFIER = "Victor-Saccucci.Way-Airlines-app";
				PRODUCT_NAME = "$(TARGET_NAME)";
				SWIFT_EMIT_LOC_STRINGS = YES;
				SWIFT_VERSION = 5.0;
				TARGETED_DEVICE_FAMILY = "1,2";
			};
			name = Debug;
		};
		F0F84C892CB090D300E82C66 /* Release */ = {
			isa = XCBuildConfiguration;
			buildSettings = {
				ASSETCATALOG_COMPILER_APPICON_NAME = AppIcon;
				ASSETCATALOG_COMPILER_GLOBAL_ACCENT_COLOR_NAME = AccentColor;
				CODE_SIGN_STYLE = Automatic;
				CURRENT_PROJECT_VERSION = 1;
				DEVELOPMENT_ASSET_PATHS = "\"Way Airlines app/Preview Content\"";
				DEVELOPMENT_TEAM = AK3RV68WWW;
				ENABLE_PREVIEWS = YES;
				GENERATE_INFOPLIST_FILE = YES;
				INFOPLIST_KEY_UIApplicationSceneManifest_Generation = YES;
				INFOPLIST_KEY_UIApplicationSupportsIndirectInputEvents = YES;
				INFOPLIST_KEY_UILaunchScreen_Generation = YES;
				INFOPLIST_KEY_UISupportedInterfaceOrientations_iPad = "UIInterfaceOrientationPortrait UIInterfaceOrientationPortraitUpsideDown UIInterfaceOrientationLandscapeLeft UIInterfaceOrientationLandscapeRight";
				INFOPLIST_KEY_UISupportedInterfaceOrientations_iPhone = "UIInterfaceOrientationPortrait UIInterfaceOrientationLandscapeLeft UIInterfaceOrientationLandscapeRight";
				LD_RUNPATH_SEARCH_PATHS = (
					"$(inherited)",
					"@executable_path/Frameworks",
				);
				MARKETING_VERSION = 1.0;
				PRODUCT_BUNDLE_IDENTIFIER = "Victor-Saccucci.Way-Airlines-app";
				PRODUCT_NAME = "$(TARGET_NAME)";
				SWIFT_EMIT_LOC_STRINGS = YES;
				SWIFT_VERSION = 5.0;
				TARGETED_DEVICE_FAMILY = "1,2";
			};
			name = Release;
		};
/* End XCBuildConfiguration section */

/* Begin XCConfigurationList section */
		F0F84C742CB090D100E82C66 /* Build configuration list for PBXProject "Way Airlines app" */ = {
			isa = XCConfigurationList;
			buildConfigurations = (
				F0F84C852CB090D300E82C66 /* Debug */,
				F0F84C862CB090D300E82C66 /* Release */,
			);
			defaultConfigurationIsVisible = 0;
			defaultConfigurationName = Release;
		};
		F0F84C872CB090D300E82C66 /* Build configuration list for PBXNativeTarget "Way Airlines app" */ = {
			isa = XCConfigurationList;
			buildConfigurations = (
				F0F84C882CB090D300E82C66 /* Debug */,
				F0F84C892CB090D300E82C66 /* Release */,
			);
			defaultConfigurationIsVisible = 0;
			defaultConfigurationName = Release;
		};
/* End XCConfigurationList section */
	};
	rootObject = F0F84C712CB090D100E82C66 /* Project object */;
}
